
Microsoft Visual Studio Solution File, Format Version 12.00
# Visual Studio Version 17
VisualStudioVersion = 17.11.35303.130
MinimumVisualStudioVersion = 10.0.40219.1
Project("{2150E333-8FDC-42A3-9474-1A3956D46DE8}") = "Task0", "Task0", "{2143A9E0-FC8C-4BB3-A812-4ED490B60ACF}"
EndProject
Project("{FAE04EC0-301F-11D3-BF4B-00C04F79EFBC}") = "Tyuiu.mohamed.Sprint0.Task0.v0", "..\..\..\OneDrive\Desktop\moh\Tyuiu.mohamed.Sprint0.Task0.v0\Tyuiu.mohamed.Sprint0.Task0.v0.csproj", "{31BC5BED-4C53-40AA-8DEB-01C329C4EDB7}"
EndProject
Global
	GlobalSection(SolutionConfigurationPlatforms) = preSolution
		Debug|Any CPU = Debug|Any CPU
		Release|Any CPU = Release|Any CPU
	EndGlobalSection
	GlobalSection(ProjectConfigurationPlatforms) = postSolution
		{31BC5BED-4C53-40AA-8DEB-01C329C4EDB7}.Debug|Any CPU.ActiveCfg = Debug|Any CPU
		{31BC5BED-4C53-40AA-8DEB-01C329C4EDB7}.Debug|Any CPU.Build.0 = Debug|Any CPU
		{31BC5BED-4C53-40AA-8DEB-01C329C4EDB7}.Release|Any CPU.ActiveCfg = Release|Any CPU
		{31BC5BED-4C53-40AA-8DEB-01C329C4EDB7}.Release|Any CPU.Build.0 = Release|Any CPU
	EndGlobalSection
	GlobalSection(SolutionProperties) = preSolution
		HideSolutionNode = FALSE
	EndGlobalSection
	GlobalSection(NestedProjects) = preSolution
		{31BC5BED-4C53-40AA-8DEB-01C329C4EDB7} = {2143A9E0-FC8C-4BB3-A812-4ED490B60ACF}
	EndGlobalSection
	GlobalSection(ExtensibilityGlobals) = postSolution
		SolutionGuid = {5AF743E4-1C89-413D-ABD7-667AEDBFC88E}
	EndGlobalSection
EndGlobal
